
Microsoft Visual Studio Solution File, Format Version 12.00
# Visual Studio Version 17
VisualStudioVersion = 17.3.32804.467
MinimumVisualStudioVersion = 10.0.40219.1
Project("{2150E333-8FDC-42A3-9474-1A3956D46DE8}") = "Solution Items", "Solution Items", "{28796FA3-4135-49E7-BF88-CF3589599A00}"
	ProjectSection(SolutionItems) = preProject
		TestIt.runsettings = TestIt.runsettings
	EndProjectSection
EndProject
Project("{9A19103F-16F7-4668-BE54-9A1E7A4F7556}") = "TmsRunner", "TmsRunner\TmsRunner.csproj", "{C6627548-F057-4E4B-86B5-56B1D0BB2191}"
EndProject
Project("{9A19103F-16F7-4668-BE54-9A1E7A4F7556}") = "Tms.Adapter", "Tms.Adapter\Tms.Adapter.csproj", "{B5482D1B-736D-4E8D-88D9-5242922B58D8}"
EndProject
Project("{9A19103F-16F7-4668-BE54-9A1E7A4F7556}") = "TmsRunnerTests", "TmsRunnerTests\TmsRunnerTests.csproj", "{5ACF7A63-C444-43D5-87A9-90D43801D28A}"
EndProject
Project("{9A19103F-16F7-4668-BE54-9A1E7A4F7556}") = "Tms.Adapter.Core", "Tms.Adapter.Core\Tms.Adapter.Core.csproj", "{671EC822-3ED1-4797-850E-CA9952B8E5B3}"
EndProject
Project("{9A19103F-16F7-4668-BE54-9A1E7A4F7556}") = "Tms.Adapter.CoreTests", "Tms.Adapter.CoreTests\Tms.Adapter.CoreTests.csproj", "{11F581C6-4B0F-424C-8160-6F0C4055C4F2}"
EndProject
Project("{9A19103F-16F7-4668-BE54-9A1E7A4F7556}") = "Tms.Adapter.XUnit", "Tms.Adapter.XUnit\Tms.Adapter.XUnit.csproj", "{B5612734-4F6B-4801-9D17-5A1195C8D2A0}"
EndProject
Project("{9A19103F-16F7-4668-BE54-9A1E7A4F7556}") = "Tms.Adapter.SpecFlowPlugin", "Tms.Adapter.SpecFlowPlugin\Tms.Adapter.SpecFlowPlugin.csproj", "{47C8A533-91F4-43E9-B75B-5DA46A9A05AD}"
EndProject
Project("{9A19103F-16F7-4668-BE54-9A1E7A4F7556}") = "Tms.Adapter.MSTest", "Tms.Adapter.MSTest\Tms.Adapter.MSTest.csproj", "{3124F948-FB31-4B60-9FB5-4CB267AF43F2}"
EndProject
Global
	GlobalSection(SolutionConfigurationPlatforms) = preSolution
		Debug|Any CPU = Debug|Any CPU
		Release|Any CPU = Release|Any CPU
	EndGlobalSection
	GlobalSection(ProjectConfigurationPlatforms) = postSolution
		{C6627548-F057-4E4B-86B5-56B1D0BB2191}.Debug|Any CPU.ActiveCfg = Debug|Any CPU
		{C6627548-F057-4E4B-86B5-56B1D0BB2191}.Debug|Any CPU.Build.0 = Debug|Any CPU
		{C6627548-F057-4E4B-86B5-56B1D0BB2191}.Release|Any CPU.ActiveCfg = Release|Any CPU
		{C6627548-F057-4E4B-86B5-56B1D0BB2191}.Release|Any CPU.Build.0 = Release|Any CPU
		{B5482D1B-736D-4E8D-88D9-5242922B58D8}.Debug|Any CPU.ActiveCfg = Debug|Any CPU
		{B5482D1B-736D-4E8D-88D9-5242922B58D8}.Debug|Any CPU.Build.0 = Debug|Any CPU
		{B5482D1B-736D-4E8D-88D9-5242922B58D8}.Release|Any CPU.ActiveCfg = Release|Any CPU
		{B5482D1B-736D-4E8D-88D9-5242922B58D8}.Release|Any CPU.Build.0 = Release|Any CPU
		{5ACF7A63-C444-43D5-87A9-90D43801D28A}.Debug|Any CPU.ActiveCfg = Debug|Any CPU
		{5ACF7A63-C444-43D5-87A9-90D43801D28A}.Debug|Any CPU.Build.0 = Debug|Any CPU
		{5ACF7A63-C444-43D5-87A9-90D43801D28A}.Release|Any CPU.ActiveCfg = Release|Any CPU
		{5ACF7A63-C444-43D5-87A9-90D43801D28A}.Release|Any CPU.Build.0 = Release|Any CPU
		{671EC822-3ED1-4797-850E-CA9952B8E5B3}.Debug|Any CPU.ActiveCfg = Debug|Any CPU
		{671EC822-3ED1-4797-850E-CA9952B8E5B3}.Debug|Any CPU.Build.0 = Debug|Any CPU
		{671EC822-3ED1-4797-850E-CA9952B8E5B3}.Release|Any CPU.ActiveCfg = Release|Any CPU
		{671EC822-3ED1-4797-850E-CA9952B8E5B3}.Release|Any CPU.Build.0 = Release|Any CPU
		{11F581C6-4B0F-424C-8160-6F0C4055C4F2}.Debug|Any CPU.ActiveCfg = Debug|Any CPU
		{11F581C6-4B0F-424C-8160-6F0C4055C4F2}.Debug|Any CPU.Build.0 = Debug|Any CPU
		{11F581C6-4B0F-424C-8160-6F0C4055C4F2}.Release|Any CPU.ActiveCfg = Release|Any CPU
		{11F581C6-4B0F-424C-8160-6F0C4055C4F2}.Release|Any CPU.Build.0 = Release|Any CPU
		{B5612734-4F6B-4801-9D17-5A1195C8D2A0}.Debug|Any CPU.ActiveCfg = Debug|Any CPU
		{B5612734-4F6B-4801-9D17-5A1195C8D2A0}.Debug|Any CPU.Build.0 = Debug|Any CPU
		{B5612734-4F6B-4801-9D17-5A1195C8D2A0}.Release|Any CPU.ActiveCfg = Release|Any CPU
		{B5612734-4F6B-4801-9D17-5A1195C8D2A0}.Release|Any CPU.Build.0 = Release|Any CPU
		{47C8A533-91F4-43E9-B75B-5DA46A9A05AD}.Debug|Any CPU.ActiveCfg = Debug|Any CPU
		{47C8A533-91F4-43E9-B75B-5DA46A9A05AD}.Debug|Any CPU.Build.0 = Debug|Any CPU
		{47C8A533-91F4-43E9-B75B-5DA46A9A05AD}.Release|Any CPU.ActiveCfg = Release|Any CPU
		{47C8A533-91F4-43E9-B75B-5DA46A9A05AD}.Release|Any CPU.Build.0 = Release|Any CPU
		{3124F948-FB31-4B60-9FB5-4CB267AF43F2}.Debug|Any CPU.ActiveCfg = Debug|Any CPU
		{3124F948-FB31-4B60-9FB5-4CB267AF43F2}.Debug|Any CPU.Build.0 = Debug|Any CPU
		{3124F948-FB31-4B60-9FB5-4CB267AF43F2}.Release|Any CPU.ActiveCfg = Release|Any CPU
		{3124F948-FB31-4B60-9FB5-4CB267AF43F2}.Release|Any CPU.Build.0 = Release|Any CPU
	EndGlobalSection
	GlobalSection(SolutionProperties) = preSolution
		HideSolutionNode = FALSE
	EndGlobalSection
	GlobalSection(ExtensibilityGlobals) = postSolution
		SolutionGuid = {06E1B322-4110-48FF-98CA-9BE8283E6F6C}
	EndGlobalSection
EndGlobal
